# This file is automatically @generated by Cargo.
# It is not intended for manual editing.
version = 3

[[package]]
name = "psvita-dylib-example"
version = "0.1.0"

[[package]]
name = "psvita-dynamic_linking-example"
version = "0.1.0"
dependencies = [
 "psvita-dylib-example",
]

[[package]]
name = "psvita-minimal-example"
version = "0.1.0"
